{
    "name": "shims",
    "version": "1.0.0",
    "lockfileVersion": 3,
    "requires": true,
    "packages": {
        "": {
            "name": "shims",
            "version": "1.0.0",
            "license": "MIT",
            "dependencies": {
                "@sinonjs/text-encoding": "^0.7.2",
                "esbuild": "^0.20.0",
                "http-status": "^1.7.3",
                "query-string": "^8.1.0",
                "url-parse": "^1.5.10"
            }
        },
        "node_modules/@esbuild/darwin-arm64": {
            "version": "0.20.0",
            "resolved": "https://registry.npmjs.org/@esbuild/darwin-arm64/-/darwin-arm64-0.20.0.tgz",
            "integrity": "sha512-AjEcivGAlPs3UAcJedMa9qYg9eSfU6FnGHJjT8s346HSKkrcWlYezGE8VaO2xKfvvlZkgAhyvl06OJOxiMgOYQ==",
            "cpu": [
                "arm64"
            ],
            "license": "MIT",
            "optional": true,
            "os": [
                "darwin"
            ],
            "engines": {
                "node": ">=12"
            }
        },
        "node_modules/@sinonjs/text-encoding": {
            "version": "0.7.2",
            "resolved": "https://registry.npmjs.org/@sinonjs/text-encoding/-/text-encoding-0.7.2.tgz",
            "integrity": "sha512-sXXKG+uL9IrKqViTtao2Ws6dy0znu9sOaP1di/jKGW1M6VssO8vlpXCQcpZ+jisQ1tTFAC5Jo/EOzFbggBagFQ==",
            "license": "(Unlicense OR Apache-2.0)"
        },
        "node_modules/decode-uri-component": {
            "version": "0.4.1",
            "resolved": "https://registry.npmjs.org/decode-uri-component/-/decode-uri-component-0.4.1.tgz",
            "integrity": "sha512-+8VxcR21HhTy8nOt6jf20w0c9CADrw1O8d+VZ/YzzCt4bJ3uBjw+D1q2osAB8RnpwwaeYBxy0HyKQxD5JBMuuQ==",
            "license": "MIT",
            "engines": {
                "node": ">=14.16"
            }
        },
        "node_modules/esbuild": {
            "version": "0.20.0",
            "resolved": "https://registry.npmjs.org/esbuild/-/esbuild-0.20.0.tgz",
            "integrity": "sha512-6iwE3Y2RVYCME1jLpBqq7LQWK3MW6vjV2bZy6gt/WrqkY+WE74Spyc0ThAOYpMtITvnjX09CrC6ym7A/m9mebA==",
            "hasInstallScript": true,
            "license": "MIT",
            "bin": {
                "esbuild": "bin/esbuild"
            },
            "engines": {
                "node": ">=12"
            },
            "optionalDependencies": {
                "@esbuild/aix-ppc64": "0.20.0",
                "@esbuild/android-arm": "0.20.0",
                "@esbuild/android-arm64": "0.20.0",
                "@esbuild/android-x64": "0.20.0",
                "@esbuild/darwin-arm64": "0.20.0",
                "@esbuild/darwin-x64": "0.20.0",
                "@esbuild/freebsd-arm64": "0.20.0",
                "@esbuild/freebsd-x64": "0.20.0",
                "@esbuild/linux-arm": "0.20.0",
                "@esbuild/linux-arm64": "0.20.0",
                "@esbuild/linux-ia32": "0.20.0",
                "@esbuild/linux-loong64": "0.20.0",
                "@esbuild/linux-mips64el": "0.20.0",
                "@esbuild/linux-ppc64": "0.20.0",
                "@esbuild/linux-riscv64": "0.20.0",
                "@esbuild/linux-s390x": "0.20.0",
                "@esbuild/linux-x64": "0.20.0",
                "@esbuild/netbsd-x64": "0.20.0",
                "@esbuild/openbsd-x64": "0.20.0",
                "@esbuild/sunos-x64": "0.20.0",
                "@esbuild/win32-arm64": "0.20.0",
                "@esbuild/win32-ia32": "0.20.0",
                "@esbuild/win32-x64": "0.20.0"
            }
        },
        "node_modules/filter-obj": {
            "version": "5.1.0",
            "resolved": "https://registry.npmjs.org/filter-obj/-/filter-obj-5.1.0.tgz",
            "integrity": "sha512-qWeTREPoT7I0bifpPUXtxkZJ1XJzxWtfoWWkdVGqa+eCr3SHW/Ocp89o8vLvbUuQnadybJpjOKu4V+RwO6sGng==",
            "license": "MIT",
            "engines": {
                "node": ">=14.16"
            },
            "funding": {
                "url": "https://github.com/sponsors/sindresorhus"
            }
        },
        "node_modules/http-status": {
            "version": "1.7.3",
            "resolved": "https://registry.npmjs.org/http-status/-/http-status-1.7.3.tgz",
            "integrity": "sha512-GS8tL1qHT2nBCMJDYMHGkkkKQLNkIAHz37vgO68XKvzv+XyqB4oh/DfmMHdtRzfqSJPj1xKG2TaELZtlCz6BEQ==",
            "license": "BSD-3-Clause",
            "engines": {
                "node": ">= 0.4.0"
            }
        },
        "node_modules/query-string": {
            "version": "8.1.0",
            "resolved": "https://registry.npmjs.org/query-string/-/query-string-8.1.0.tgz",
            "integrity": "sha512-BFQeWxJOZxZGix7y+SByG3F36dA0AbTy9o6pSmKFcFz7DAj0re9Frkty3saBn3nHo3D0oZJ/+rx3r8H8r8Jbpw==",
            "license": "MIT",
            "dependencies": {
                "decode-uri-component": "^0.4.1",
                "filter-obj": "^5.1.0",
                "split-on-first": "^3.0.0"
            },
            "engines": {
                "node": ">=14.16"
            },
            "funding": {
                "url": "https://github.com/sponsors/sindresorhus"
            }
        },
        "node_modules/querystringify": {
            "version": "2.2.0",
            "resolved": "https://registry.npmjs.org/querystringify/-/querystringify-2.2.0.tgz",
            "integrity": "sha512-FIqgj2EUvTa7R50u0rGsyTftzjYmv/a3hO345bZNrqabNqjtgiDMgmo4mkUjd+nzU5oF3dClKqFIPUKybUyqoQ==",
            "license": "MIT"
        },
        "node_modules/requires-port": {
            "version": "1.0.0",
            "resolved": "https://registry.npmjs.org/requires-port/-/requires-port-1.0.0.tgz",
            "integrity": "sha512-KigOCHcocU3XODJxsu8i/j8T9tzT4adHiecwORRQ0ZZFcp7ahwXuRU1m+yuO90C5ZUyGeGfocHDI14M3L3yDAQ==",
            "license": "MIT"
        },
        "node_modules/split-on-first": {
            "version": "3.0.0",
            "resolved": "https://registry.npmjs.org/split-on-first/-/split-on-first-3.0.0.tgz",
            "integrity": "sha512-qxQJTx2ryR0Dw0ITYyekNQWpz6f8dGd7vffGNflQQ3Iqj9NJ6qiZ7ELpZsJ/QBhIVAiDfXdag3+Gp8RvWa62AA==",
            "license": "MIT",
            "engines": {
                "node": ">=12"
            },
            "funding": {
                "url": "https://github.com/sponsors/sindresorhus"
            }
        },
        "node_modules/url-parse": {
            "version": "1.5.10",
            "resolved": "https://registry.npmjs.org/url-parse/-/url-parse-1.5.10.tgz",
            "integrity": "sha512-WypcfiRhfeUP9vvF0j6rw0J3hrWrw6iZv3+22h6iRMJ/8z1Tj6XfLP4DsUix5MhMPnXpiHDoKyoZ/bdCkwBCiQ==",
            "license": "MIT",
            "dependencies": {
                "querystringify": "^2.1.1",
                "requires-port": "^1.0.0"
            }
        }
    }
}
