{
  "name": "jsonnet_wasm",
  "version": "1.0.0",
  "lockfileVersion": 3,
  "requires": true,
  "packages": {
    "": {
      "name": "jsonnet_wasm",
      "version": "1.0.0",
      "license": "ISC",
      "dependencies": {
        "jsonnet_wasm": "file:./pkg/"
      }
    },
    "../pkg": {
      "extraneous": true
    },
    "node_modules/jsonnet_wasm": {
      "resolved": "pkg",
      "link": true
    },
    "pkg": {
      "version": "0.1.0"
    }
  }
}
